
Microsoft Visual Studio Solution File, Format Version 12.00
# Visual Studio 15
VisualStudioVersion = 15.0.27130.2027
MinimumVisualStudioVersion = 10.0.40219.1
Project("{FAE04EC0-301F-11D3-BF4B-00C04F79EFBC}") = "MathematicalLaboratoryWinForm", "MathematicalLaboratoryWinForm\MathematicalLaboratoryWinForm.csproj", "{E432DC0F-E892-45EF-B907-528EBEB95442}"
EndProject
Project("{FAE04EC0-301F-11D3-BF4B-00C04F79EFBC}") = "MathematicalLaboratoryWinForm.Model", "MathematicalLaboratoryWinForm.Model\MathematicalLaboratoryWinForm.Model.csproj", "{7A2A4A64-69B8-43F0-9945-8C29F14EDDF7}"
EndProject
Global
	GlobalSection(SolutionConfigurationPlatforms) = preSolution
		Debug|Any CPU = Debug|Any CPU
		Release|Any CPU = Release|Any CPU
	EndGlobalSection
	GlobalSection(ProjectConfigurationPlatforms) = postSolution
		{E432DC0F-E892-45EF-B907-528EBEB95442}.Debug|Any CPU.ActiveCfg = Debug|Any CPU
		{E432DC0F-E892-45EF-B907-528EBEB95442}.Debug|Any CPU.Build.0 = Debug|Any CPU
		{E432DC0F-E892-45EF-B907-528EBEB95442}.Release|Any CPU.ActiveCfg = Release|Any CPU
		{E432DC0F-E892-45EF-B907-528EBEB95442}.Release|Any CPU.Build.0 = Release|Any CPU
		{7A2A4A64-69B8-43F0-9945-8C29F14EDDF7}.Debug|Any CPU.ActiveCfg = Debug|Any CPU
		{7A2A4A64-69B8-43F0-9945-8C29F14EDDF7}.Debug|Any CPU.Build.0 = Debug|Any CPU
		{7A2A4A64-69B8-43F0-9945-8C29F14EDDF7}.Release|Any CPU.ActiveCfg = Release|Any CPU
		{7A2A4A64-69B8-43F0-9945-8C29F14EDDF7}.Release|Any CPU.Build.0 = Release|Any CPU
	EndGlobalSection
	GlobalSection(SolutionProperties) = preSolution
		HideSolutionNode = FALSE
	EndGlobalSection
	GlobalSection(ExtensibilityGlobals) = postSolution
		SolutionGuid = {A5DEE47A-A69A-449C-9896-F04FE8EFDADF}
	EndGlobalSection
EndGlobal
